
Microsoft Visual Studio Solution File, Format Version 12.00
# Visual Studio 15
VisualStudioVersion = 15.0.28307.271
MinimumVisualStudioVersion = 10.0.40219.1
Project("{FAE04EC0-301F-11D3-BF4B-00C04F79EFBC}") = "ContactsDotNet", "ContactsDotNet\ContactsDotNet.csproj", "{473D94BF-F0CF-44E9-BD57-B5E13AAC0F11}"
EndProject
Project("{FAE04EC0-301F-11D3-BF4B-00C04F79EFBC}") = "Application", "Application\Application.csproj", "{7B20C766-7E10-4DCF-B97A-1675CFF68EBF}"
EndProject
Project("{FAE04EC0-301F-11D3-BF4B-00C04F79EFBC}") = "ApplicationTests", "ApplicationTests\ApplicationTests.csproj", "{24FA7697-2E53-4381-B045-37B0714D4491}"
EndProject
Global
	GlobalSection(SolutionConfigurationPlatforms) = preSolution
		Debug|Any CPU = Debug|Any CPU
		Release|Any CPU = Release|Any CPU
	EndGlobalSection
	GlobalSection(ProjectConfigurationPlatforms) = postSolution
		{473D94BF-F0CF-44E9-BD57-B5E13AAC0F11}.Debug|Any CPU.ActiveCfg = Debug|Any CPU
		{473D94BF-F0CF-44E9-BD57-B5E13AAC0F11}.Debug|Any CPU.Build.0 = Debug|Any CPU
		{473D94BF-F0CF-44E9-BD57-B5E13AAC0F11}.Release|Any CPU.ActiveCfg = Release|Any CPU
		{473D94BF-F0CF-44E9-BD57-B5E13AAC0F11}.Release|Any CPU.Build.0 = Release|Any CPU
		{7B20C766-7E10-4DCF-B97A-1675CFF68EBF}.Debug|Any CPU.ActiveCfg = Debug|Any CPU
		{7B20C766-7E10-4DCF-B97A-1675CFF68EBF}.Debug|Any CPU.Build.0 = Debug|Any CPU
		{7B20C766-7E10-4DCF-B97A-1675CFF68EBF}.Release|Any CPU.ActiveCfg = Release|Any CPU
		{7B20C766-7E10-4DCF-B97A-1675CFF68EBF}.Release|Any CPU.Build.0 = Release|Any CPU
		{24FA7697-2E53-4381-B045-37B0714D4491}.Debug|Any CPU.ActiveCfg = Debug|Any CPU
		{24FA7697-2E53-4381-B045-37B0714D4491}.Debug|Any CPU.Build.0 = Debug|Any CPU
		{24FA7697-2E53-4381-B045-37B0714D4491}.Release|Any CPU.ActiveCfg = Release|Any CPU
		{24FA7697-2E53-4381-B045-37B0714D4491}.Release|Any CPU.Build.0 = Release|Any CPU
	EndGlobalSection
	GlobalSection(SolutionProperties) = preSolution
		HideSolutionNode = FALSE
	EndGlobalSection
	GlobalSection(ExtensibilityGlobals) = postSolution
		SolutionGuid = {2E5C80CE-8F4B-4CB1-B14C-6F6519F96CAE}
	EndGlobalSection
EndGlobal
